
Microsoft Visual Studio Solution File, Format Version 11.00
# Visual Studio 2010
Project("{FAE04EC0-301F-11D3-BF4B-00C04F79EFBC}") = "Assembly-CSharp", "Assembly-CSharp.csproj", "{5a1483d7-5e6c-97f1-308c-f9f90012ba74}"
EndProject
Project("{FAE04EC0-301F-11D3-BF4B-00C04F79EFBC}") = "Assembly-CSharp-firstpass", "Assembly-CSharp-firstpass.csproj", "{45d67b66-6930-32f5-6edc-9edcadebd6ca}"
EndProject
Global
	GlobalSection(SolutionConfigurationPlatforms) = preSolution
		Debug|Any CPU = Debug|Any CPU
	EndGlobalSection
	GlobalSection(ProjectConfigurationPlatforms) = postSolution
		{5a1483d7-5e6c-97f1-308c-f9f90012ba74}.Debug|Any CPU.ActiveCfg = Debug|Any CPU
		{5a1483d7-5e6c-97f1-308c-f9f90012ba74}.Debug|Any CPU.Build.0 = Debug|Any CPU
		{45d67b66-6930-32f5-6edc-9edcadebd6ca}.Debug|Any CPU.ActiveCfg = Debug|Any CPU
		{45d67b66-6930-32f5-6edc-9edcadebd6ca}.Debug|Any CPU.Build.0 = Debug|Any CPU
	EndGlobalSection
	GlobalSection(SolutionProperties) = preSolution
		HideSolutionNode = FALSE
	EndGlobalSection
EndGlobal
